
Microsoft Visual Studio Solution File, Format Version 12.00
# Visual Studio Version 17
VisualStudioVersion = 17.14.36811.4 d17.14
MinimumVisualStudioVersion = 10.0.40219.1
Project("{FAE04EC0-301F-11D3-BF4B-00C04F79EFBC}") = "ArticulationExplorer", "ArticulationExplorer.csproj", "{61B86873-FA10-4486-9723-6F352C505294}"
EndProject
Global
	GlobalSection(SolutionConfigurationPlatforms) = preSolution
		Debug|Any CPU = Debug|Any CPU
		Release|Any CPU = Release|Any CPU
	EndGlobalSection
	GlobalSection(ProjectConfigurationPlatforms) = postSolution
		{61B86873-FA10-4486-9723-6F352C505294}.Debug|Any CPU.ActiveCfg = Debug|Any CPU
		{61B86873-FA10-4486-9723-6F352C505294}.Debug|Any CPU.Build.0 = Debug|Any CPU
		{61B86873-FA10-4486-9723-6F352C505294}.Release|Any CPU.ActiveCfg = Release|Any CPU
		{61B86873-FA10-4486-9723-6F352C505294}.Release|Any CPU.Build.0 = Release|Any CPU
	EndGlobalSection
	GlobalSection(SolutionProperties) = preSolution
		HideSolutionNode = FALSE
	EndGlobalSection
	GlobalSection(ExtensibilityGlobals) = postSolution
		SolutionGuid = {ED5E54EB-70E3-4894-B02E-242F09D1E597}
	EndGlobalSection
EndGlobal
